{
  "lockfile_version": "1",
  "packages": {
    "deno@latest": {
      "last_modified": "2026-02-23T15:40:43Z",
      "resolved": "github:NixOS/nixpkgs/80d901ec0377e19ac3f7bb8c035201e2e098cc97#deno",
      "source": "devbox-search",
      "version": "2.6.10",
      "systems": {
        "aarch64-darwin": {
          "outputs": [
            {
              "name": "out",
              "path": "/nix/store/cyz295zqxf5k309zrrp2ks26x4vi8h7b-deno-2.6.10",
              "default": true
            }
          ],
          "store_path": "/nix/store/cyz295zqxf5k309zrrp2ks26x4vi8h7b-deno-2.6.10"
        },
        "aarch64-linux": {
          "outputs": [
            {
              "name": "out",
              "path": "/nix/store/7qg9fjmprjlx16cq4dhvscdwak5wxn36-deno-2.6.10",
              "default": true
            }
          ],
          "store_path": "/nix/store/7qg9fjmprjlx16cq4dhvscdwak5wxn36-deno-2.6.10"
        },
        "x86_64-darwin": {
          "outputs": [
            {
              "name": "out",
              "path": "/nix/store/6wxdsf71zn0qh8r8v0525kw2whbw7mxz-deno-2.6.10",
              "default": true
            }
          ],
          "store_path": "/nix/store/6wxdsf71zn0qh8r8v0525kw2whbw7mxz-deno-2.6.10"
        },
        "x86_64-linux": {
          "outputs": [
            {
              "name": "out",
              "path": "/nix/store/qx6qwzhfxqskg87zl9igij2nbk0kclmk-deno-2.6.10",
              "default": true
            }
          ],
          "store_path": "/nix/store/qx6qwzhfxqskg87zl9igij2nbk0kclmk-deno-2.6.10"
        }
      }
    },
    "github:NixOS/nixpkgs/nixpkgs-unstable": {
      "last_modified": "2026-02-27T06:27:13Z",
      "resolved": "github:NixOS/nixpkgs/c0f3d81a7ddbc2b1332be0d8481a672b4f6004d6?lastModified=1772173633&narHash=sha256-MOH58F4AIbCkh6qlQcwMycyk5SWvsqnS%2FTCfnqDlpj4%3D"
    }
  }
}
